
Microsoft Visual Studio Solution File, Format Version 12.00
# Visual Studio Version 16
VisualStudioVersion = 16.0.31019.35
MinimumVisualStudioVersion = 10.0.40219.1
Project("{FAE04EC0-301F-11D3-BF4B-00C04F79EFBC}") = "PresentationLayer", "Opgave2\PresentationLayer.csproj", "{A61A63F8-5773-4D31-8535-679BB9C7F851}"
EndProject
Project("{FAE04EC0-301F-11D3-BF4B-00C04F79EFBC}") = "LogicLayer", "LogicLayer\LogicLayer.csproj", "{FDA67D74-952C-4890-AECC-B32BFCE39409}"
EndProject
Project("{FAE04EC0-301F-11D3-BF4B-00C04F79EFBC}") = "DataLayer", "DataLayer\DataLayer.csproj", "{AE8CD645-6668-4926-A6BE-C44FAAB007EB}"
EndProject
Global
	GlobalSection(SolutionConfigurationPlatforms) = preSolution
		Debug|Any CPU = Debug|Any CPU
		Release|Any CPU = Release|Any CPU
	EndGlobalSection
	GlobalSection(ProjectConfigurationPlatforms) = postSolution
		{A61A63F8-5773-4D31-8535-679BB9C7F851}.Debug|Any CPU.ActiveCfg = Debug|Any CPU
		{A61A63F8-5773-4D31-8535-679BB9C7F851}.Debug|Any CPU.Build.0 = Debug|Any CPU
		{A61A63F8-5773-4D31-8535-679BB9C7F851}.Release|Any CPU.ActiveCfg = Release|Any CPU
		{A61A63F8-5773-4D31-8535-679BB9C7F851}.Release|Any CPU.Build.0 = Release|Any CPU
		{FDA67D74-952C-4890-AECC-B32BFCE39409}.Debug|Any CPU.ActiveCfg = Debug|Any CPU
		{FDA67D74-952C-4890-AECC-B32BFCE39409}.Debug|Any CPU.Build.0 = Debug|Any CPU
		{FDA67D74-952C-4890-AECC-B32BFCE39409}.Release|Any CPU.ActiveCfg = Release|Any CPU
		{FDA67D74-952C-4890-AECC-B32BFCE39409}.Release|Any CPU.Build.0 = Release|Any CPU
		{AE8CD645-6668-4926-A6BE-C44FAAB007EB}.Debug|Any CPU.ActiveCfg = Debug|Any CPU
		{AE8CD645-6668-4926-A6BE-C44FAAB007EB}.Debug|Any CPU.Build.0 = Debug|Any CPU
		{AE8CD645-6668-4926-A6BE-C44FAAB007EB}.Release|Any CPU.ActiveCfg = Release|Any CPU
		{AE8CD645-6668-4926-A6BE-C44FAAB007EB}.Release|Any CPU.Build.0 = Release|Any CPU
	EndGlobalSection
	GlobalSection(SolutionProperties) = preSolution
		HideSolutionNode = FALSE
	EndGlobalSection
	GlobalSection(ExtensibilityGlobals) = postSolution
		SolutionGuid = {8B804609-8766-4E64-B4E5-07C2F0E6F76D}
	EndGlobalSection
EndGlobal
